
Microsoft Visual Studio Solution File, Format Version 12.00
# Visual Studio 15
VisualStudioVersion = 15.0.26430.13
MinimumVisualStudioVersion = 10.0.40219.1
Project("{9A19103F-16F7-4668-BE54-9A1E7A4F7556}") = "Example", "Example\Example.csproj", "{803A6479-B452-4372-8179-1ACD58C335A9}"
EndProject
Project("{9A19103F-16F7-4668-BE54-9A1E7A4F7556}") = "Example.MSTest", "Example.MSTest\Example.MSTest.csproj", "{DED892DC-BAD3-402B-B1B4-39144E84DF6E}"
EndProject
Project("{9A19103F-16F7-4668-BE54-9A1E7A4F7556}") = "Example.NUnit", "Example.NUnit\Example.NUnit.csproj", "{B0E78AE0-F6B9-4B41-BFD8-138C6618ECDF}"
EndProject
Global
	GlobalSection(SolutionConfigurationPlatforms) = preSolution
		Debug|Any CPU = Debug|Any CPU
		Release|Any CPU = Release|Any CPU
	EndGlobalSection
	GlobalSection(ProjectConfigurationPlatforms) = postSolution
		{803A6479-B452-4372-8179-1ACD58C335A9}.Debug|Any CPU.ActiveCfg = Debug|Any CPU
		{803A6479-B452-4372-8179-1ACD58C335A9}.Debug|Any CPU.Build.0 = Debug|Any CPU
		{803A6479-B452-4372-8179-1ACD58C335A9}.Release|Any CPU.ActiveCfg = Release|Any CPU
		{803A6479-B452-4372-8179-1ACD58C335A9}.Release|Any CPU.Build.0 = Release|Any CPU
		{DED892DC-BAD3-402B-B1B4-39144E84DF6E}.Debug|Any CPU.ActiveCfg = Debug|Any CPU
		{DED892DC-BAD3-402B-B1B4-39144E84DF6E}.Debug|Any CPU.Build.0 = Debug|Any CPU
		{DED892DC-BAD3-402B-B1B4-39144E84DF6E}.Release|Any CPU.ActiveCfg = Release|Any CPU
		{DED892DC-BAD3-402B-B1B4-39144E84DF6E}.Release|Any CPU.Build.0 = Release|Any CPU
		{B0E78AE0-F6B9-4B41-BFD8-138C6618ECDF}.Debug|Any CPU.ActiveCfg = Debug|Any CPU
		{B0E78AE0-F6B9-4B41-BFD8-138C6618ECDF}.Debug|Any CPU.Build.0 = Debug|Any CPU
		{B0E78AE0-F6B9-4B41-BFD8-138C6618ECDF}.Release|Any CPU.ActiveCfg = Release|Any CPU
		{B0E78AE0-F6B9-4B41-BFD8-138C6618ECDF}.Release|Any CPU.Build.0 = Release|Any CPU
	EndGlobalSection
	GlobalSection(SolutionProperties) = preSolution
		HideSolutionNode = FALSE
	EndGlobalSection
EndGlobal
